
Microsoft Visual Studio Solution File, Format Version 12.00
Project("{FAE04EC0-301F-11D3-BF4B-00C04F79EFBC}") = "ProjectStore.API", "ProjectStore.API\ProjectStore.API.csproj", "{78D0DDB7-0183-43A6-A99C-78E66D16F5C5}"
EndProject
Project("{FAE04EC0-301F-11D3-BF4B-00C04F79EFBC}") = "ProjectStore.Domen", "ProjectStore.Domen\ProjectStore.Domen.csproj", "{7B7F6B5E-BFF8-4AF9-A5A8-85D1BF72B197}"
EndProject
Project("{FAE04EC0-301F-11D3-BF4B-00C04F79EFBC}") = "ProjectStore.Application", "ProjectStore.Application\ProjectStore.Application.csproj", "{72B674F4-01CF-4EB3-933C-DCF301FEE418}"
EndProject
Project("{FAE04EC0-301F-11D3-BF4B-00C04F79EFBC}") = "ProjectStore.Infrastructure", "ProjectStore.Infrastructure\ProjectStore.Infrastructure.csproj", "{CEAD8E4E-593D-42DC-AE6F-9C7ABDB01529}"
EndProject
Project("{2150E333-8FDC-42A3-9474-1A3956D46DE8}") = "Presentation", "Presentation", "{3B15D7D1-A11F-459E-8EF1-A3437116B100}"
EndProject
Project("{2150E333-8FDC-42A3-9474-1A3956D46DE8}") = "Solution Items", "Solution Items", "{8130D2C3-55DF-4670-B718-A80D78F42D9C}"
	ProjectSection(SolutionItems) = preProject
		docker-compose.yml = docker-compose.yml
	EndProjectSection
EndProject
Project("{FAE04EC0-301F-11D3-BF4B-00C04F79EFBC}") = "ProjectStore.Tests", "ProjectStore.Tests\ProjectStore.Tests.csproj", "{931AD2CF-4EFD-4DBA-8FC4-9B0CAA3F6C9A}"
EndProject
Global
	GlobalSection(SolutionConfigurationPlatforms) = preSolution
		Debug|Any CPU = Debug|Any CPU
		Release|Any CPU = Release|Any CPU
	EndGlobalSection
	GlobalSection(ProjectConfigurationPlatforms) = postSolution
		{78D0DDB7-0183-43A6-A99C-78E66D16F5C5}.Debug|Any CPU.ActiveCfg = Debug|Any CPU
		{78D0DDB7-0183-43A6-A99C-78E66D16F5C5}.Debug|Any CPU.Build.0 = Debug|Any CPU
		{78D0DDB7-0183-43A6-A99C-78E66D16F5C5}.Release|Any CPU.ActiveCfg = Release|Any CPU
		{78D0DDB7-0183-43A6-A99C-78E66D16F5C5}.Release|Any CPU.Build.0 = Release|Any CPU
		{7B7F6B5E-BFF8-4AF9-A5A8-85D1BF72B197}.Debug|Any CPU.ActiveCfg = Debug|Any CPU
		{7B7F6B5E-BFF8-4AF9-A5A8-85D1BF72B197}.Debug|Any CPU.Build.0 = Debug|Any CPU
		{7B7F6B5E-BFF8-4AF9-A5A8-85D1BF72B197}.Release|Any CPU.ActiveCfg = Release|Any CPU
		{7B7F6B5E-BFF8-4AF9-A5A8-85D1BF72B197}.Release|Any CPU.Build.0 = Release|Any CPU
		{72B674F4-01CF-4EB3-933C-DCF301FEE418}.Debug|Any CPU.ActiveCfg = Debug|Any CPU
		{72B674F4-01CF-4EB3-933C-DCF301FEE418}.Debug|Any CPU.Build.0 = Debug|Any CPU
		{72B674F4-01CF-4EB3-933C-DCF301FEE418}.Release|Any CPU.ActiveCfg = Release|Any CPU
		{72B674F4-01CF-4EB3-933C-DCF301FEE418}.Release|Any CPU.Build.0 = Release|Any CPU
		{CEAD8E4E-593D-42DC-AE6F-9C7ABDB01529}.Debug|Any CPU.ActiveCfg = Debug|Any CPU
		{CEAD8E4E-593D-42DC-AE6F-9C7ABDB01529}.Debug|Any CPU.Build.0 = Debug|Any CPU
		{CEAD8E4E-593D-42DC-AE6F-9C7ABDB01529}.Release|Any CPU.ActiveCfg = Release|Any CPU
		{CEAD8E4E-593D-42DC-AE6F-9C7ABDB01529}.Release|Any CPU.Build.0 = Release|Any CPU
		{931AD2CF-4EFD-4DBA-8FC4-9B0CAA3F6C9A}.Debug|Any CPU.ActiveCfg = Debug|Any CPU
		{931AD2CF-4EFD-4DBA-8FC4-9B0CAA3F6C9A}.Debug|Any CPU.Build.0 = Debug|Any CPU
		{931AD2CF-4EFD-4DBA-8FC4-9B0CAA3F6C9A}.Release|Any CPU.ActiveCfg = Release|Any CPU
		{931AD2CF-4EFD-4DBA-8FC4-9B0CAA3F6C9A}.Release|Any CPU.Build.0 = Release|Any CPU
	EndGlobalSection
EndGlobal
